// !$*UTF8*$!
{
	archiveVersion = 1;
	classes = {
	};
	objectVersion = 55;
	objects = {

/* Begin PBXBuildFile section */
		CB0BB0D126FB328A000DAB45 /* ComplicationView.swift in Sources */ = {isa = PBXBuildFile; fileRef = CB0BB0D026FB328A000DAB45 /* ComplicationView.swift */; };
		CB1F8F33274DFC1B0096BFEC /* AvailableTrips.swift in Sources */ = {isa = PBXBuildFile; fileRef = CB1F8F32274DFC1B0096BFEC /* AvailableTrips.swift */; };
		CB1F8F35274DFFFD0096BFEC /* AvailableTripsView.swift in Sources */ = {isa = PBXBuildFile; fileRef = CB1F8F34274DFFFD0096BFEC /* AvailableTripsView.swift */; };
		CB325E2C26E95B7E00EA160B /* HexColor.swift in Sources */ = {isa = PBXBuildFile; fileRef = CB325E2B26E95B7E00EA160B /* HexColor.swift */; };
		CB325E3226EB659400EA160B /* liveData.json in Resources */ = {isa = PBXBuildFile; fileRef = CB420C2026E3F458004EB342 /* liveData.json */; };
		CB420BCF26E3F17F004EB342 /* LiveStop WatchKit App.app in Embed Watch Content */ = {isa = PBXBuildFile; fileRef = CB420BCE26E3F17F004EB342 /* LiveStop WatchKit App.app */; settings = {ATTRIBUTES = (RemoveHeadersOnCopy, ); }; };
		CB420BD426E3F182004EB342 /* Assets.xcassets in Resources */ = {isa = PBXBuildFile; fileRef = CB420BD326E3F182004EB342 /* Assets.xcassets */; };
		CB420BDA26E3F182004EB342 /* LiveStop WatchKit Extension.appex in Embed App Extensions */ = {isa = PBXBuildFile; fileRef = CB420BD926E3F182004EB342 /* LiveStop WatchKit Extension.appex */; settings = {ATTRIBUTES = (RemoveHeadersOnCopy, ); }; };
		CB420BDF26E3F182004EB342 /* LiveStopApp.swift in Sources */ = {isa = PBXBuildFile; fileRef = CB420BDE26E3F182004EB342 /* LiveStopApp.swift */; };
		CB420BE126E3F182004EB342 /* ContentView.swift in Sources */ = {isa = PBXBuildFile; fileRef = CB420BE026E3F182004EB342 /* ContentView.swift */; };
		CB420BE326E3F182004EB342 /* NotificationController.swift in Sources */ = {isa = PBXBuildFile; fileRef = CB420BE226E3F182004EB342 /* NotificationController.swift */; };
		CB420BE526E3F182004EB342 /* NotificationView.swift in Sources */ = {isa = PBXBuildFile; fileRef = CB420BE426E3F182004EB342 /* NotificationView.swift */; };
		CB420BE726E3F182004EB342 /* ComplicationController.swift in Sources */ = {isa = PBXBuildFile; fileRef = CB420BE626E3F182004EB342 /* ComplicationController.swift */; };
		CB420BE926E3F183004EB342 /* Assets.xcassets in Resources */ = {isa = PBXBuildFile; fileRef = CB420BE826E3F183004EB342 /* Assets.xcassets */; };
		CB420BEC26E3F183004EB342 /* Preview Assets.xcassets in Resources */ = {isa = PBXBuildFile; fileRef = CB420BEB26E3F183004EB342 /* Preview Assets.xcassets */; };
		CB420BF826E3F183004EB342 /* LiveStopTests.swift in Sources */ = {isa = PBXBuildFile; fileRef = CB420BF726E3F183004EB342 /* LiveStopTests.swift */; };
		CB420C0226E3F184004EB342 /* LiveStopUITests.swift in Sources */ = {isa = PBXBuildFile; fileRef = CB420C0126E3F184004EB342 /* LiveStopUITests.swift */; };
		CB420C0426E3F184004EB342 /* LiveStopUITestsLaunchTests.swift in Sources */ = {isa = PBXBuildFile; fileRef = CB420C0326E3F184004EB342 /* LiveStopUITestsLaunchTests.swift */; };
		CB420C1B26E3F1C0004EB342 /* Stop.swift in Sources */ = {isa = PBXBuildFile; fileRef = CB420C1A26E3F1C0004EB342 /* Stop.swift */; };
		CB420C1D26E3F221004EB342 /* Route.swift in Sources */ = {isa = PBXBuildFile; fileRef = CB420C1C26E3F221004EB342 /* Route.swift */; };
		CB420C1F26E3F303004EB342 /* ModelData.swift in Sources */ = {isa = PBXBuildFile; fileRef = CB420C1E26E3F303004EB342 /* ModelData.swift */; };
		CB420C2826E4B5C1004EB342 /* LiveBusServer.swift in Sources */ = {isa = PBXBuildFile; fileRef = CB420C2726E4B5C1004EB342 /* LiveBusServer.swift */; };
		CB420C2A26E53C25004EB342 /* StopList.swift in Sources */ = {isa = PBXBuildFile; fileRef = CB420C2926E53C24004EB342 /* StopList.swift */; };
		CB420C2D26E8BC65004EB342 /* StopRow.swift in Sources */ = {isa = PBXBuildFile; fileRef = CB420C2C26E8BC65004EB342 /* StopRow.swift */; };
		CB420C2F26E8BEA0004EB342 /* Arrival.swift in Sources */ = {isa = PBXBuildFile; fileRef = CB420C2E26E8BEA0004EB342 /* Arrival.swift */; };
		CB420C3126E90048004EB342 /* StopView.swift in Sources */ = {isa = PBXBuildFile; fileRef = CB420C3026E90048004EB342 /* StopView.swift */; };
		CB420C3326E9039B004EB342 /* LineBadge.swift in Sources */ = {isa = PBXBuildFile; fileRef = CB420C3226E9039B004EB342 /* LineBadge.swift */; };
		CB5FB155271B614100AE8B38 /* GTFSDatabaseTests.swift in Sources */ = {isa = PBXBuildFile; fileRef = CB5FB154271B614100AE8B38 /* GTFSDatabaseTests.swift */; };
		CB64E4D9271B1037003BCDBE /* GTFSDatabase.swift in Sources */ = {isa = PBXBuildFile; fileRef = CB64E4D8271B1037003BCDBE /* GTFSDatabase.swift */; };
		CB87C536271B59EC00E879BF /* SQLite in Frameworks */ = {isa = PBXBuildFile; productRef = CB87C535271B59EC00E879BF /* SQLite */; };
		CB93647226F29B5C00F9F2DD /* VitalisApi.swift in Sources */ = {isa = PBXBuildFile; fileRef = CB93647126F29B5C00F9F2DD /* VitalisApi.swift */; };
		CB93647426F29DCD00F9F2DD /* VitalisApiTests.swift in Sources */ = {isa = PBXBuildFile; fileRef = CB93647326F29DCC00F9F2DD /* VitalisApiTests.swift */; };
		CBC49C6C2703B78200ED2C4B /* ExtensionDelegate.swift in Sources */ = {isa = PBXBuildFile; fileRef = CBC49C6B2703B78200ED2C4B /* ExtensionDelegate.swift */; };
		CBD448BF271D5DF0008CC4D6 /* routes_for_stop.sql in Resources */ = {isa = PBXBuildFile; fileRef = CBD448BE271D5DF0008CC4D6 /* routes_for_stop.sql */; };
		CBD448C1271D7B21008CC4D6 /* stops_by_distance.sql in Resources */ = {isa = PBXBuildFile; fileRef = CBD448C0271D7B21008CC4D6 /* stops_by_distance.sql */; };
		CBD448C3271EF516008CC4D6 /* poitiers_gtfs.db in Resources */ = {isa = PBXBuildFile; fileRef = CBD448C2271EF516008CC4D6 /* poitiers_gtfs.db */; };
		CBD448C52722B20A008CC4D6 /* SelectStopList.swift in Sources */ = {isa = PBXBuildFile; fileRef = CBD448C42722B20A008CC4D6 /* SelectStopList.swift */; };
		CBD448C727284294008CC4D6 /* TripList.swift in Sources */ = {isa = PBXBuildFile; fileRef = CBD448C627284294008CC4D6 /* TripList.swift */; };
		CBD448C9272842A5008CC4D6 /* TripView.swift in Sources */ = {isa = PBXBuildFile; fileRef = CBD448C8272842A5008CC4D6 /* TripView.swift */; };
		CBD448CD272CEBB6008CC4D6 /* Database.swift in Sources */ = {isa = PBXBuildFile; fileRef = CBD448CC272CEBB6008CC4D6 /* Database.swift */; };
		CBD448CF272CF2C1008CC4D6 /* DatabaseTests.swift in Sources */ = {isa = PBXBuildFile; fileRef = CBD448CE272CF2C1008CC4D6 /* DatabaseTests.swift */; };
		CBDBA68226F0699C006CD78A /* ModelDataTests.swift in Sources */ = {isa = PBXBuildFile; fileRef = CBDBA68126F0699C006CD78A /* ModelDataTests.swift */; };
		CBDBA68426F0D992006CD78A /* Trip.swift in Sources */ = {isa = PBXBuildFile; fileRef = CBDBA68326F0D992006CD78A /* Trip.swift */; };
		CBDBA68626F0DC06006CD78A /* CLLocation+Coordinates.swift in Sources */ = {isa = PBXBuildFile; fileRef = CBDBA68526F0DC06006CD78A /* CLLocation+Coordinates.swift */; };
		CBDBA68826F1215C006CD78A /* ArrivalLabel.swift in Sources */ = {isa = PBXBuildFile; fileRef = CBDBA68726F1215C006CD78A /* ArrivalLabel.swift */; };
		CBF874832700DFF000E389FF /* SwiftfulLoadingIndicators in Frameworks */ = {isa = PBXBuildFile; productRef = CBF874822700DFF000E389FF /* SwiftfulLoadingIndicators */; };
/* End PBXBuildFile section */

/* Begin PBXContainerItemProxy section */
		CB420BD026E3F17F004EB342 /* PBXContainerItemProxy */ = {
			isa = PBXContainerItemProxy;
			containerPortal = CB420BC426E3F17F004EB342 /* Project object */;
			proxyType = 1;
			remoteGlobalIDString = CB420BCD26E3F17F004EB342;
			remoteInfo = "LiveStop WatchKit App";
		};
		CB420BDB26E3F182004EB342 /* PBXContainerItemProxy */ = {
			isa = PBXContainerItemProxy;
			containerPortal = CB420BC426E3F17F004EB342 /* Project object */;
			proxyType = 1;
			remoteGlobalIDString = CB420BD826E3F182004EB342;
			remoteInfo = "LiveStop WatchKit Extension";
		};
		CB420BF426E3F183004EB342 /* PBXContainerItemProxy */ = {
			isa = PBXContainerItemProxy;
			containerPortal = CB420BC426E3F17F004EB342 /* Project object */;
			proxyType = 1;
			remoteGlobalIDString = CB420BD826E3F182004EB342;
			remoteInfo = "LiveStop WatchKit Extension";
		};
		CB420BFE26E3F184004EB342 /* PBXContainerItemProxy */ = {
			isa = PBXContainerItemProxy;
			containerPortal = CB420BC426E3F17F004EB342 /* Project object */;
			proxyType = 1;
			remoteGlobalIDString = CB420BCD26E3F17F004EB342;
			remoteInfo = "LiveStop WatchKit App";
		};
/* End PBXContainerItemProxy section */

/* Begin PBXCopyFilesBuildPhase section */
		CB420C0A26E3F184004EB342 /* Embed App Extensions */ = {
			isa = PBXCopyFilesBuildPhase;
			buildActionMask = 2147483647;
			dstPath = "";
			dstSubfolderSpec = 13;
			files = (
				CB420BDA26E3F182004EB342 /* LiveStop WatchKit Extension.appex in Embed App Extensions */,
			);
			name = "Embed App Extensions";
			runOnlyForDeploymentPostprocessing = 0;
		};
		CB420C0E26E3F184004EB342 /* Embed Watch Content */ = {
			isa = PBXCopyFilesBuildPhase;
			buildActionMask = 2147483647;
			dstPath = "$(CONTENTS_FOLDER_PATH)/Watch";
			dstSubfolderSpec = 16;
			files = (
				CB420BCF26E3F17F004EB342 /* LiveStop WatchKit App.app in Embed Watch Content */,
			);
			name = "Embed Watch Content";
			runOnlyForDeploymentPostprocessing = 0;
		};
/* End PBXCopyFilesBuildPhase section */

/* Begin PBXFileReference section */
		CB0BB0D026FB328A000DAB45 /* ComplicationView.swift */ = {isa = PBXFileReference; lastKnownFileType = sourcecode.swift; path = ComplicationView.swift; sourceTree = "<group>"; };
		CB1F8F32274DFC1B0096BFEC /* AvailableTrips.swift */ = {isa = PBXFileReference; lastKnownFileType = sourcecode.swift; path = AvailableTrips.swift; sourceTree = "<group>"; };
		CB1F8F34274DFFFD0096BFEC /* AvailableTripsView.swift */ = {isa = PBXFileReference; lastKnownFileType = sourcecode.swift; path = AvailableTripsView.swift; sourceTree = "<group>"; };
		CB325E2B26E95B7E00EA160B /* HexColor.swift */ = {isa = PBXFileReference; lastKnownFileType = sourcecode.swift; path = HexColor.swift; sourceTree = "<group>"; };
		CB420BCA26E3F17F004EB342 /* LiveStop.app */ = {isa = PBXFileReference; explicitFileType = wrapper.application; includeInIndex = 0; path = LiveStop.app; sourceTree = BUILT_PRODUCTS_DIR; };
		CB420BCE26E3F17F004EB342 /* LiveStop WatchKit App.app */ = {isa = PBXFileReference; explicitFileType = wrapper.application; includeInIndex = 0; path = "LiveStop WatchKit App.app"; sourceTree = BUILT_PRODUCTS_DIR; };
		CB420BD326E3F182004EB342 /* Assets.xcassets */ = {isa = PBXFileReference; lastKnownFileType = folder.assetcatalog; path = Assets.xcassets; sourceTree = "<group>"; };
		CB420BD926E3F182004EB342 /* LiveStop WatchKit Extension.appex */ = {isa = PBXFileReference; explicitFileType = "wrapper.app-extension"; includeInIndex = 0; path = "LiveStop WatchKit Extension.appex"; sourceTree = BUILT_PRODUCTS_DIR; };
		CB420BDE26E3F182004EB342 /* LiveStopApp.swift */ = {isa = PBXFileReference; lastKnownFileType = sourcecode.swift; path = LiveStopApp.swift; sourceTree = "<group>"; };
		CB420BE026E3F182004EB342 /* ContentView.swift */ = {isa = PBXFileReference; lastKnownFileType = sourcecode.swift; path = ContentView.swift; sourceTree = "<group>"; };
		CB420BE226E3F182004EB342 /* NotificationController.swift */ = {isa = PBXFileReference; lastKnownFileType = sourcecode.swift; path = NotificationController.swift; sourceTree = "<group>"; };
		CB420BE426E3F182004EB342 /* NotificationView.swift */ = {isa = PBXFileReference; lastKnownFileType = sourcecode.swift; path = NotificationView.swift; sourceTree = "<group>"; };
		CB420BE626E3F182004EB342 /* ComplicationController.swift */ = {isa = PBXFileReference; lastKnownFileType = sourcecode.swift; path = ComplicationController.swift; sourceTree = "<group>"; };
		CB420BE826E3F183004EB342 /* Assets.xcassets */ = {isa = PBXFileReference; lastKnownFileType = folder.assetcatalog; path = Assets.xcassets; sourceTree = "<group>"; };
		CB420BEB26E3F183004EB342 /* Preview Assets.xcassets */ = {isa = PBXFileReference; lastKnownFileType = folder.assetcatalog; path = "Preview Assets.xcassets"; sourceTree = "<group>"; };
		CB420BED26E3F183004EB342 /* Info.plist */ = {isa = PBXFileReference; lastKnownFileType = text.plist.xml; path = Info.plist; sourceTree = "<group>"; };
		CB420BEE26E3F183004EB342 /* PushNotificationPayload.apns */ = {isa = PBXFileReference; lastKnownFileType = text; path = PushNotificationPayload.apns; sourceTree = "<group>"; };
		CB420BF326E3F183004EB342 /* LiveStopTests.xctest */ = {isa = PBXFileReference; explicitFileType = wrapper.cfbundle; includeInIndex = 0; path = LiveStopTests.xctest; sourceTree = BUILT_PRODUCTS_DIR; };
		CB420BF726E3F183004EB342 /* LiveStopTests.swift */ = {isa = PBXFileReference; lastKnownFileType = sourcecode.swift; path = LiveStopTests.swift; sourceTree = "<group>"; };
		CB420BFD26E3F184004EB342 /* LiveStopUITests.xctest */ = {isa = PBXFileReference; explicitFileType = wrapper.cfbundle; includeInIndex = 0; path = LiveStopUITests.xctest; sourceTree = BUILT_PRODUCTS_DIR; };
		CB420C0126E3F184004EB342 /* LiveStopUITests.swift */ = {isa = PBXFileReference; lastKnownFileType = sourcecode.swift; path = LiveStopUITests.swift; sourceTree = "<group>"; };
		CB420C0326E3F184004EB342 /* LiveStopUITestsLaunchTests.swift */ = {isa = PBXFileReference; lastKnownFileType = sourcecode.swift; path = LiveStopUITestsLaunchTests.swift; sourceTree = "<group>"; };
		CB420C1A26E3F1C0004EB342 /* Stop.swift */ = {isa = PBXFileReference; lastKnownFileType = sourcecode.swift; path = Stop.swift; sourceTree = "<group>"; };
		CB420C1C26E3F221004EB342 /* Route.swift */ = {isa = PBXFileReference; lastKnownFileType = sourcecode.swift; path = Route.swift; sourceTree = "<group>"; };
		CB420C1E26E3F303004EB342 /* ModelData.swift */ = {isa = PBXFileReference; lastKnownFileType = sourcecode.swift; path = ModelData.swift; sourceTree = "<group>"; };
		CB420C2026E3F458004EB342 /* liveData.json */ = {isa = PBXFileReference; lastKnownFileType = text.json; path = liveData.json; sourceTree = "<group>"; };
		CB420C2726E4B5C1004EB342 /* LiveBusServer.swift */ = {isa = PBXFileReference; lastKnownFileType = sourcecode.swift; path = LiveBusServer.swift; sourceTree = "<group>"; };
		CB420C2926E53C24004EB342 /* StopList.swift */ = {isa = PBXFileReference; lastKnownFileType = sourcecode.swift; path = StopList.swift; sourceTree = "<group>"; };
		CB420C2C26E8BC65004EB342 /* StopRow.swift */ = {isa = PBXFileReference; lastKnownFileType = sourcecode.swift; path = StopRow.swift; sourceTree = "<group>"; };
		CB420C2E26E8BEA0004EB342 /* Arrival.swift */ = {isa = PBXFileReference; lastKnownFileType = sourcecode.swift; path = Arrival.swift; sourceTree = "<group>"; };
		CB420C3026E90048004EB342 /* StopView.swift */ = {isa = PBXFileReference; lastKnownFileType = sourcecode.swift; path = StopView.swift; sourceTree = "<group>"; };
		CB420C3226E9039B004EB342 /* LineBadge.swift */ = {isa = PBXFileReference; lastKnownFileType = sourcecode.swift; path = LineBadge.swift; sourceTree = "<group>"; };
		CB491AF527045DC7007368A2 /* README.md */ = {isa = PBXFileReference; lastKnownFileType = net.daringfireball.markdown; path = README.md; sourceTree = SOURCE_ROOT; };
		CB5FB154271B614100AE8B38 /* GTFSDatabaseTests.swift */ = {isa = PBXFileReference; lastKnownFileType = sourcecode.swift; path = GTFSDatabaseTests.swift; sourceTree = "<group>"; };
		CB64E4D8271B1037003BCDBE /* GTFSDatabase.swift */ = {isa = PBXFileReference; lastKnownFileType = sourcecode.swift; path = GTFSDatabase.swift; sourceTree = "<group>"; };
		CB93647126F29B5C00F9F2DD /* VitalisApi.swift */ = {isa = PBXFileReference; lastKnownFileType = sourcecode.swift; path = VitalisApi.swift; sourceTree = "<group>"; };
		CB93647326F29DCC00F9F2DD /* VitalisApiTests.swift */ = {isa = PBXFileReference; lastKnownFileType = sourcecode.swift; path = VitalisApiTests.swift; sourceTree = "<group>"; };
		CBC49C6B2703B78200ED2C4B /* ExtensionDelegate.swift */ = {isa = PBXFileReference; lastKnownFileType = sourcecode.swift; path = ExtensionDelegate.swift; sourceTree = "<group>"; };
		CBD448BE271D5DF0008CC4D6 /* routes_for_stop.sql */ = {isa = PBXFileReference; fileEncoding = 4; lastKnownFileType = text; path = routes_for_stop.sql; sourceTree = "<group>"; };
		CBD448C0271D7B21008CC4D6 /* stops_by_distance.sql */ = {isa = PBXFileReference; fileEncoding = 4; lastKnownFileType = text; path = stops_by_distance.sql; sourceTree = "<group>"; };
		CBD448C2271EF516008CC4D6 /* poitiers_gtfs.db */ = {isa = PBXFileReference; lastKnownFileType = file; path = poitiers_gtfs.db; sourceTree = "<group>"; };
		CBD448C42722B20A008CC4D6 /* SelectStopList.swift */ = {isa = PBXFileReference; lastKnownFileType = sourcecode.swift; path = SelectStopList.swift; sourceTree = "<group>"; };
		CBD448C627284294008CC4D6 /* TripList.swift */ = {isa = PBXFileReference; lastKnownFileType = sourcecode.swift; path = TripList.swift; sourceTree = "<group>"; };
		CBD448C8272842A5008CC4D6 /* TripView.swift */ = {isa = PBXFileReference; lastKnownFileType = sourcecode.swift; path = TripView.swift; sourceTree = "<group>"; };
		CBD448CC272CEBB6008CC4D6 /* Database.swift */ = {isa = PBXFileReference; lastKnownFileType = sourcecode.swift; path = Database.swift; sourceTree = "<group>"; };
		CBD448CE272CF2C1008CC4D6 /* DatabaseTests.swift */ = {isa = PBXFileReference; lastKnownFileType = sourcecode.swift; path = DatabaseTests.swift; sourceTree = "<group>"; };
		CBDBA68126F0699C006CD78A /* ModelDataTests.swift */ = {isa = PBXFileReference; lastKnownFileType = sourcecode.swift; path = ModelDataTests.swift; sourceTree = "<group>"; };
		CBDBA68326F0D992006CD78A /* Trip.swift */ = {isa = PBXFileReference; lastKnownFileType = sourcecode.swift; path = Trip.swift; sourceTree = "<group>"; };
		CBDBA68526F0DC06006CD78A /* CLLocation+Coordinates.swift */ = {isa = PBXFileReference; lastKnownFileType = sourcecode.swift; path = "CLLocation+Coordinates.swift"; sourceTree = "<group>"; };
		CBDBA68726F1215C006CD78A /* ArrivalLabel.swift */ = {isa = PBXFileReference; lastKnownFileType = sourcecode.swift; path = ArrivalLabel.swift; sourceTree = "<group>"; };
/* End PBXFileReference section */

/* Begin PBXFrameworksBuildPhase section */
		CB420BD626E3F182004EB342 /* Frameworks */ = {
			isa = PBXFrameworksBuildPhase;
			buildActionMask = 2147483647;
			files = (
				CB87C536271B59EC00E879BF /* SQLite in Frameworks */,
				CBF874832700DFF000E389FF /* SwiftfulLoadingIndicators in Frameworks */,
			);
			runOnlyForDeploymentPostprocessing = 0;
		};
		CB420BF026E3F183004EB342 /* Frameworks */ = {
			isa = PBXFrameworksBuildPhase;
			buildActionMask = 2147483647;
			files = (
			);
			runOnlyForDeploymentPostprocessing = 0;
		};
		CB420BFA26E3F184004EB342 /* Frameworks */ = {
			isa = PBXFrameworksBuildPhase;
			buildActionMask = 2147483647;
			files = (
			);
			runOnlyForDeploymentPostprocessing = 0;
		};
/* End PBXFrameworksBuildPhase section */

/* Begin PBXGroup section */
		CB325E2A26E958AC00EA160B /* Helpers */ = {
			isa = PBXGroup;
			children = (
				CB325E2B26E95B7E00EA160B /* HexColor.swift */,
				CBDBA68526F0DC06006CD78A /* CLLocation+Coordinates.swift */,
			);
			path = Helpers;
			sourceTree = "<group>";
		};
		CB325E2D26E960DF00EA160B /* Helpers */ = {
			isa = PBXGroup;
			children = (
				CB420C3226E9039B004EB342 /* LineBadge.swift */,
			);
			path = Helpers;
			sourceTree = "<group>";
		};
		CB420BC326E3F17F004EB342 = {
			isa = PBXGroup;
			children = (
				CB491AF527045DC7007368A2 /* README.md */,
				CB420BD226E3F17F004EB342 /* LiveStop WatchKit App */,
				CB420BDD26E3F182004EB342 /* LiveStop WatchKit Extension */,
				CB420BF626E3F183004EB342 /* LiveStopTests */,
				CB420C0026E3F184004EB342 /* LiveStopUITests */,
				CB420BCB26E3F17F004EB342 /* Products */,
				CB87C534271B59EC00E879BF /* Frameworks */,
			);
			sourceTree = "<group>";
		};
		CB420BCB26E3F17F004EB342 /* Products */ = {
			isa = PBXGroup;
			children = (
				CB420BCA26E3F17F004EB342 /* LiveStop.app */,
				CB420BCE26E3F17F004EB342 /* LiveStop WatchKit App.app */,
				CB420BD926E3F182004EB342 /* LiveStop WatchKit Extension.appex */,
				CB420BF326E3F183004EB342 /* LiveStopTests.xctest */,
				CB420BFD26E3F184004EB342 /* LiveStopUITests.xctest */,
			);
			name = Products;
			sourceTree = "<group>";
		};
		CB420BD226E3F17F004EB342 /* LiveStop WatchKit App */ = {
			isa = PBXGroup;
			children = (
				CB420BD326E3F182004EB342 /* Assets.xcassets */,
			);
			path = "LiveStop WatchKit App";
			sourceTree = "<group>";
		};
		CB420BDD26E3F182004EB342 /* LiveStop WatchKit Extension */ = {
			isa = PBXGroup;
			children = (
				CB420C2B26E53C35004EB342 /* Views */,
				CB420C1926E3F199004EB342 /* Models */,
				CB420C1826E3F18D004EB342 /* Resources */,
				CB420BDE26E3F182004EB342 /* LiveStopApp.swift */,
				CBC49C6B2703B78200ED2C4B /* ExtensionDelegate.swift */,
				CB420BE226E3F182004EB342 /* NotificationController.swift */,
				CB420BE426E3F182004EB342 /* NotificationView.swift */,
				CB420BE626E3F182004EB342 /* ComplicationController.swift */,
				CB420BE826E3F183004EB342 /* Assets.xcassets */,
				CB420BED26E3F183004EB342 /* Info.plist */,
				CB420BEE26E3F183004EB342 /* PushNotificationPayload.apns */,
				CB420BEA26E3F183004EB342 /* Preview Content */,
			);
			path = "LiveStop WatchKit Extension";
			sourceTree = "<group>";
		};
		CB420BEA26E3F183004EB342 /* Preview Content */ = {
			isa = PBXGroup;
			children = (
				CB420BEB26E3F183004EB342 /* Preview Assets.xcassets */,
			);
			path = "Preview Content";
			sourceTree = "<group>";
		};
		CB420BF626E3F183004EB342 /* LiveStopTests */ = {
			isa = PBXGroup;
			children = (
				CB420BF726E3F183004EB342 /* LiveStopTests.swift */,
				CB5FB154271B614100AE8B38 /* GTFSDatabaseTests.swift */,
				CBD448CE272CF2C1008CC4D6 /* DatabaseTests.swift */,
				CBDBA68126F0699C006CD78A /* ModelDataTests.swift */,
				CB93647326F29DCC00F9F2DD /* VitalisApiTests.swift */,
			);
			path = LiveStopTests;
			sourceTree = "<group>";
		};
		CB420C0026E3F184004EB342 /* LiveStopUITests */ = {
			isa = PBXGroup;
			children = (
				CB420C0126E3F184004EB342 /* LiveStopUITests.swift */,
				CB420C0326E3F184004EB342 /* LiveStopUITestsLaunchTests.swift */,
			);
			path = LiveStopUITests;
			sourceTree = "<group>";
		};
		CB420C1826E3F18D004EB342 /* Resources */ = {
			isa = PBXGroup;
			children = (
				CBD448C2271EF516008CC4D6 /* poitiers_gtfs.db */,
				CBD448BE271D5DF0008CC4D6 /* routes_for_stop.sql */,
				CBD448C0271D7B21008CC4D6 /* stops_by_distance.sql */,
				CB420C2026E3F458004EB342 /* liveData.json */,
			);
			path = Resources;
			sourceTree = "<group>";
		};
		CB420C1926E3F199004EB342 /* Models */ = {
			isa = PBXGroup;
			children = (
				CB64E4D8271B1037003BCDBE /* GTFSDatabase.swift */,
				CB325E2A26E958AC00EA160B /* Helpers */,
				CB420C1A26E3F1C0004EB342 /* Stop.swift */,
				CB420C2E26E8BEA0004EB342 /* Arrival.swift */,
				CB420C1E26E3F303004EB342 /* ModelData.swift */,
				CBD448CC272CEBB6008CC4D6 /* Database.swift */,
				CB93647126F29B5C00F9F2DD /* VitalisApi.swift */,
				CB420C1C26E3F221004EB342 /* Route.swift */,
				CBDBA68326F0D992006CD78A /* Trip.swift */,
				CB420C2726E4B5C1004EB342 /* LiveBusServer.swift */,
				CB1F8F32274DFC1B0096BFEC /* AvailableTrips.swift */,
			);
			path = Models;
			sourceTree = "<group>";
		};
		CB420C2B26E53C35004EB342 /* Views */ = {
			isa = PBXGroup;
			children = (
				CB325E2D26E960DF00EA160B /* Helpers */,
				CB420BE026E3F182004EB342 /* ContentView.swift */,
				CB420C2926E53C24004EB342 /* StopList.swift */,
				CB0BB0D026FB328A000DAB45 /* ComplicationView.swift */,
				CB1F8F34274DFFFD0096BFEC /* AvailableTripsView.swift */,
				CB420C2C26E8BC65004EB342 /* StopRow.swift */,
				CB420C3026E90048004EB342 /* StopView.swift */,
				CBDBA68726F1215C006CD78A /* ArrivalLabel.swift */,
				CBD448C42722B20A008CC4D6 /* SelectStopList.swift */,
				CBD448C627284294008CC4D6 /* TripList.swift */,
				CBD448C8272842A5008CC4D6 /* TripView.swift */,
			);
			path = Views;
			sourceTree = "<group>";
		};
		CB87C534271B59EC00E879BF /* Frameworks */ = {
			isa = PBXGroup;
			children = (
			);
			name = Frameworks;
			sourceTree = "<group>";
		};
/* End PBXGroup section */

/* Begin PBXNativeTarget section */
		CB420BC926E3F17F004EB342 /* LiveStop */ = {
			isa = PBXNativeTarget;
			buildConfigurationList = CB420C0F26E3F184004EB342 /* Build configuration list for PBXNativeTarget "LiveStop" */;
			buildPhases = (
				CB420BC826E3F17F004EB342 /* Resources */,
				CB420C0E26E3F184004EB342 /* Embed Watch Content */,
			);
			buildRules = (
			);
			dependencies = (
				CB420BD126E3F17F004EB342 /* PBXTargetDependency */,
			);
			name = LiveStop;
			packageProductDependencies = (
				CB64E4DB271B1123003BCDBE /* SQLite */,
			);
			productName = LiveStop;
			productReference = CB420BCA26E3F17F004EB342 /* LiveStop.app */;
			productType = "com.apple.product-type.application.watchapp2-container";
		};
		CB420BCD26E3F17F004EB342 /* LiveStop WatchKit App */ = {
			isa = PBXNativeTarget;
			buildConfigurationList = CB420C0B26E3F184004EB342 /* Build configuration list for PBXNativeTarget "LiveStop WatchKit App" */;
			buildPhases = (
				CB420BCC26E3F17F004EB342 /* Resources */,
				CB420C0A26E3F184004EB342 /* Embed App Extensions */,
			);
			buildRules = (
			);
			dependencies = (
				CB420BDC26E3F182004EB342 /* PBXTargetDependency */,
			);
			name = "LiveStop WatchKit App";
			productName = "LiveStop WatchKit App";
			productReference = CB420BCE26E3F17F004EB342 /* LiveStop WatchKit App.app */;
			productType = "com.apple.product-type.application.watchapp2";
		};
		CB420BD826E3F182004EB342 /* LiveStop WatchKit Extension */ = {
			isa = PBXNativeTarget;
			buildConfigurationList = CB420C0726E3F184004EB342 /* Build configuration list for PBXNativeTarget "LiveStop WatchKit Extension" */;
			buildPhases = (
				CB420BD526E3F182004EB342 /* Sources */,
				CB420BD626E3F182004EB342 /* Frameworks */,
				CB420BD726E3F182004EB342 /* Resources */,
			);
			buildRules = (
			);
			dependencies = (
			);
			name = "LiveStop WatchKit Extension";
			packageProductDependencies = (
				CBF874822700DFF000E389FF /* SwiftfulLoadingIndicators */,
				CB87C535271B59EC00E879BF /* SQLite */,
			);
			productName = "LiveStop WatchKit Extension";
			productReference = CB420BD926E3F182004EB342 /* LiveStop WatchKit Extension.appex */;
			productType = "com.apple.product-type.watchkit2-extension";
		};
		CB420BF226E3F183004EB342 /* LiveStopTests */ = {
			isa = PBXNativeTarget;
			buildConfigurationList = CB420C1226E3F184004EB342 /* Build configuration list for PBXNativeTarget "LiveStopTests" */;
			buildPhases = (
				CB420BEF26E3F183004EB342 /* Sources */,
				CB420BF026E3F183004EB342 /* Frameworks */,
				CB420BF126E3F183004EB342 /* Resources */,
			);
			buildRules = (
			);
			dependencies = (
				CB420BF526E3F183004EB342 /* PBXTargetDependency */,
			);
			name = LiveStopTests;
			productName = LiveStopTests;
			productReference = CB420BF326E3F183004EB342 /* LiveStopTests.xctest */;
			productType = "com.apple.product-type.bundle.unit-test";
		};
		CB420BFC26E3F184004EB342 /* LiveStopUITests */ = {
			isa = PBXNativeTarget;
			buildConfigurationList = CB420C1526E3F184004EB342 /* Build configuration list for PBXNativeTarget "LiveStopUITests" */;
			buildPhases = (
				CB420BF926E3F184004EB342 /* Sources */,
				CB420BFA26E3F184004EB342 /* Frameworks */,
				CB420BFB26E3F184004EB342 /* Resources */,
			);
			buildRules = (
			);
			dependencies = (
				CB420BFF26E3F184004EB342 /* PBXTargetDependency */,
			);
			name = LiveStopUITests;
			productName = LiveStopUITests;
			productReference = CB420BFD26E3F184004EB342 /* LiveStopUITests.xctest */;
			productType = "com.apple.product-type.bundle.ui-testing";
		};
/* End PBXNativeTarget section */

/* Begin PBXProject section */
		CB420BC426E3F17F004EB342 /* Project object */ = {
			isa = PBXProject;
			attributes = {
				BuildIndependentTargetsInParallel = 1;
				LastSwiftUpdateCheck = 1300;
				LastUpgradeCheck = 1300;
				TargetAttributes = {
					CB420BC926E3F17F004EB342 = {
						CreatedOnToolsVersion = 13.0;
					};
					CB420BCD26E3F17F004EB342 = {
						CreatedOnToolsVersion = 13.0;
					};
					CB420BD826E3F182004EB342 = {
						CreatedOnToolsVersion = 13.0;
					};
					CB420BF226E3F183004EB342 = {
						CreatedOnToolsVersion = 13.0;
						TestTargetID = CB420BD826E3F182004EB342;
					};
					CB420BFC26E3F184004EB342 = {
						CreatedOnToolsVersion = 13.0;
						TestTargetID = CB420BCD26E3F17F004EB342;
					};
				};
			};
			buildConfigurationList = CB420BC726E3F17F004EB342 /* Build configuration list for PBXProject "LiveStop" */;
			compatibilityVersion = "Xcode 13.0";
			developmentRegion = en;
			hasScannedForEncodings = 0;
			knownRegions = (
				en,
				Base,
			);
			mainGroup = CB420BC326E3F17F004EB342;
			packageReferences = (
				CBF874812700DFF000E389FF /* XCRemoteSwiftPackageReference "SwiftfulLoadingIndicators" */,
				CB64E4DA271B1123003BCDBE /* XCRemoteSwiftPackageReference "SQLite.swift" */,
			);
			productRefGroup = CB420BCB26E3F17F004EB342 /* Products */;
			projectDirPath = "";
			projectRoot = "";
			targets = (
				CB420BC926E3F17F004EB342 /* LiveStop */,
				CB420BCD26E3F17F004EB342 /* LiveStop WatchKit App */,
				CB420BD826E3F182004EB342 /* LiveStop WatchKit Extension */,
				CB420BF226E3F183004EB342 /* LiveStopTests */,
				CB420BFC26E3F184004EB342 /* LiveStopUITests */,
			);
		};
/* End PBXProject section */

/* Begin PBXResourcesBuildPhase section */
		CB420BC826E3F17F004EB342 /* Resources */ = {
			isa = PBXResourcesBuildPhase;
			buildActionMask = 2147483647;
			files = (
			);
			runOnlyForDeploymentPostprocessing = 0;
		};
		CB420BCC26E3F17F004EB342 /* Resources */ = {
			isa = PBXResourcesBuildPhase;
			buildActionMask = 2147483647;
			files = (
				CB420BD426E3F182004EB342 /* Assets.xcassets in Resources */,
			);
			runOnlyForDeploymentPostprocessing = 0;
		};
		CB420BD726E3F182004EB342 /* Resources */ = {
			isa = PBXResourcesBuildPhase;
			buildActionMask = 2147483647;
			files = (
				CBD448C3271EF516008CC4D6 /* poitiers_gtfs.db in Resources */,
				CBD448C1271D7B21008CC4D6 /* stops_by_distance.sql in Resources */,
				CB420BEC26E3F183004EB342 /* Preview Assets.xcassets in Resources */,
				CB420BE926E3F183004EB342 /* Assets.xcassets in Resources */,
				CBD448BF271D5DF0008CC4D6 /* routes_for_stop.sql in Resources */,
				CB325E3226EB659400EA160B /* liveData.json in Resources */,
			);
			runOnlyForDeploymentPostprocessing = 0;
		};
		CB420BF126E3F183004EB342 /* Resources */ = {
			isa = PBXResourcesBuildPhase;
			buildActionMask = 2147483647;
			files = (
			);
			runOnlyForDeploymentPostprocessing = 0;
		};
		CB420BFB26E3F184004EB342 /* Resources */ = {
			isa = PBXResourcesBuildPhase;
			buildActionMask = 2147483647;
			files = (
			);
			runOnlyForDeploymentPostprocessing = 0;
		};
/* End PBXResourcesBuildPhase section */

/* Begin PBXSourcesBuildPhase section */
		CB420BD526E3F182004EB342 /* Sources */ = {
			isa = PBXSourcesBuildPhase;
			buildActionMask = 2147483647;
			files = (
				CB420BE326E3F182004EB342 /* NotificationController.swift in Sources */,
				CB420C3126E90048004EB342 /* StopView.swift in Sources */,
				CB420C2A26E53C25004EB342 /* StopList.swift in Sources */,
				CB420C3326E9039B004EB342 /* LineBadge.swift in Sources */,
				CB420BE126E3F182004EB342 /* ContentView.swift in Sources */,
				CBDBA68426F0D992006CD78A /* Trip.swift in Sources */,
				CBDBA68826F1215C006CD78A /* ArrivalLabel.swift in Sources */,
				CBD448C52722B20A008CC4D6 /* SelectStopList.swift in Sources */,
				CB420BE726E3F182004EB342 /* ComplicationController.swift in Sources */,
				CB420BDF26E3F182004EB342 /* LiveStopApp.swift in Sources */,
				CB420C2F26E8BEA0004EB342 /* Arrival.swift in Sources */,
				CB0BB0D126FB328A000DAB45 /* ComplicationView.swift in Sources */,
				CBDBA68626F0DC06006CD78A /* CLLocation+Coordinates.swift in Sources */,
				CB420BE526E3F182004EB342 /* NotificationView.swift in Sources */,
				CB420C2D26E8BC65004EB342 /* StopRow.swift in Sources */,
				CB420C2826E4B5C1004EB342 /* LiveBusServer.swift in Sources */,
				CBC49C6C2703B78200ED2C4B /* ExtensionDelegate.swift in Sources */,
				CB420C1F26E3F303004EB342 /* ModelData.swift in Sources */,
				CB325E2C26E95B7E00EA160B /* HexColor.swift in Sources */,
				CBD448C9272842A5008CC4D6 /* TripView.swift in Sources */,
				CB420C1D26E3F221004EB342 /* Route.swift in Sources */,
				CB64E4D9271B1037003BCDBE /* GTFSDatabase.swift in Sources */,
				CB1F8F35274DFFFD0096BFEC /* AvailableTripsView.swift in Sources */,
				CBD448C727284294008CC4D6 /* TripList.swift in Sources */,
				CB93647226F29B5C00F9F2DD /* VitalisApi.swift in Sources */,
				CBD448CD272CEBB6008CC4D6 /* Database.swift in Sources */,
				CB1F8F33274DFC1B0096BFEC /* AvailableTrips.swift in Sources */,
				CB420C1B26E3F1C0004EB342 /* Stop.swift in Sources */,
			);
			runOnlyForDeploymentPostprocessing = 0;
		};
		CB420BEF26E3F183004EB342 /* Sources */ = {
			isa = PBXSourcesBuildPhase;
			buildActionMask = 2147483647;
			files = (
				CB5FB155271B614100AE8B38 /* GTFSDatabaseTests.swift in Sources */,
				CB93647426F29DCD00F9F2DD /* VitalisApiTests.swift in Sources */,
				CBD448CF272CF2C1008CC4D6 /* DatabaseTests.swift in Sources */,
				CB420BF826E3F183004EB342 /* LiveStopTests.swift in Sources */,
				CBDBA68226F0699C006CD78A /* ModelDataTests.swift in Sources */,
			);
			runOnlyForDeploymentPostprocessing = 0;
		};
		CB420BF926E3F184004EB342 /* Sources */ = {
			isa = PBXSourcesBuildPhase;
			buildActionMask = 2147483647;
			files = (
				CB420C0426E3F184004EB342 /* LiveStopUITestsLaunchTests.swift in Sources */,
				CB420C0226E3F184004EB342 /* LiveStopUITests.swift in Sources */,
			);
			runOnlyForDeploymentPostprocessing = 0;
		};
/* End PBXSourcesBuildPhase section */

/* Begin PBXTargetDependency section */
		CB420BD126E3F17F004EB342 /* PBXTargetDependency */ = {
			isa = PBXTargetDependency;
			target = CB420BCD26E3F17F004EB342 /* LiveStop WatchKit App */;
			targetProxy = CB420BD026E3F17F004EB342 /* PBXContainerItemProxy */;
		};
		CB420BDC26E3F182004EB342 /* PBXTargetDependency */ = {
			isa = PBXTargetDependency;
			target = CB420BD826E3F182004EB342 /* LiveStop WatchKit Extension */;
			targetProxy = CB420BDB26E3F182004EB342 /* PBXContainerItemProxy */;
		};
		CB420BF526E3F183004EB342 /* PBXTargetDependency */ = {
			isa = PBXTargetDependency;
			target = CB420BD826E3F182004EB342 /* LiveStop WatchKit Extension */;
			targetProxy = CB420BF426E3F183004EB342 /* PBXContainerItemProxy */;
		};
		CB420BFF26E3F184004EB342 /* PBXTargetDependency */ = {
			isa = PBXTargetDependency;
			target = CB420BCD26E3F17F004EB342 /* LiveStop WatchKit App */;
			targetProxy = CB420BFE26E3F184004EB342 /* PBXContainerItemProxy */;
		};
/* End PBXTargetDependency section */

/* Begin XCBuildConfiguration section */
		CB420C0526E3F184004EB342 /* Debug */ = {
			isa = XCBuildConfiguration;
			buildSettings = {
				ALWAYS_SEARCH_USER_PATHS = NO;
				CLANG_ANALYZER_NONNULL = YES;
				CLANG_ANALYZER_NUMBER_OBJECT_CONVERSION = YES_AGGRESSIVE;
				CLANG_CXX_LANGUAGE_STANDARD = "gnu++17";
				CLANG_CXX_LIBRARY = "libc++";
				CLANG_ENABLE_MODULES = YES;
				CLANG_ENABLE_OBJC_ARC = YES;
				CLANG_ENABLE_OBJC_WEAK = YES;
				CLANG_WARN_BLOCK_CAPTURE_AUTORELEASING = YES;
				CLANG_WARN_BOOL_CONVERSION = YES;
				CLANG_WARN_COMMA = YES;
				CLANG_WARN_CONSTANT_CONVERSION = YES;
				CLANG_WARN_DEPRECATED_OBJC_IMPLEMENTATIONS = YES;
				CLANG_WARN_DIRECT_OBJC_ISA_USAGE = YES_ERROR;
				CLANG_WARN_DOCUMENTATION_COMMENTS = YES;
				CLANG_WARN_EMPTY_BODY = YES;
				CLANG_WARN_ENUM_CONVERSION = YES;
				CLANG_WARN_INFINITE_RECURSION = YES;
				CLANG_WARN_INT_CONVERSION = YES;
				CLANG_WARN_NON_LITERAL_NULL_CONVERSION = YES;
				CLANG_WARN_OBJC_IMPLICIT_RETAIN_SELF = YES;
				CLANG_WARN_OBJC_LITERAL_CONVERSION = YES;
				CLANG_WARN_OBJC_ROOT_CLASS = YES_ERROR;
				CLANG_WARN_QUOTED_INCLUDE_IN_FRAMEWORK_HEADER = YES;
				CLANG_WARN_RANGE_LOOP_ANALYSIS = YES;
				CLANG_WARN_STRICT_PROTOTYPES = YES;
				CLANG_WARN_SUSPICIOUS_MOVE = YES;
				CLANG_WARN_UNGUARDED_AVAILABILITY = YES_AGGRESSIVE;
				CLANG_WARN_UNREACHABLE_CODE = YES;
				CLANG_WARN__DUPLICATE_METHOD_MATCH = YES;
				COPY_PHASE_STRIP = NO;
				DEBUG_INFORMATION_FORMAT = dwarf;
				ENABLE_STRICT_OBJC_MSGSEND = YES;
				ENABLE_TESTABILITY = YES;
				GCC_C_LANGUAGE_STANDARD = gnu11;
				GCC_DYNAMIC_NO_PIC = NO;
				GCC_NO_COMMON_BLOCKS = YES;
				GCC_OPTIMIZATION_LEVEL = 0;
				GCC_PREPROCESSOR_DEFINITIONS = (
					"DEBUG=1",
					"$(inherited)",
				);
				GCC_WARN_64_TO_32_BIT_CONVERSION = YES;
				GCC_WARN_ABOUT_RETURN_TYPE = YES_ERROR;
				GCC_WARN_UNDECLARED_SELECTOR = YES;
				GCC_WARN_UNINITIALIZED_AUTOS = YES_AGGRESSIVE;
				GCC_WARN_UNUSED_FUNCTION = YES;
				GCC_WARN_UNUSED_VARIABLE = YES;
				MTL_ENABLE_DEBUG_INFO = INCLUDE_SOURCE;
				MTL_FAST_MATH = YES;
				ONLY_ACTIVE_ARCH = YES;
				SDKROOT = iphoneos;
				SWIFT_ACTIVE_COMPILATION_CONDITIONS = DEBUG;
				SWIFT_OPTIMIZATION_LEVEL = "-Onone";
			};
			name = Debug;
		};
		CB420C0626E3F184004EB342 /* Release */ = {
			isa = XCBuildConfiguration;
			buildSettings = {
				ALWAYS_SEARCH_USER_PATHS = NO;
				CLANG_ANALYZER_NONNULL = YES;
				CLANG_ANALYZER_NUMBER_OBJECT_CONVERSION = YES_AGGRESSIVE;
				CLANG_CXX_LANGUAGE_STANDARD = "gnu++17";
				CLANG_CXX_LIBRARY = "libc++";
				CLANG_ENABLE_MODULES = YES;
				CLANG_ENABLE_OBJC_ARC = YES;
				CLANG_ENABLE_OBJC_WEAK = YES;
				CLANG_WARN_BLOCK_CAPTURE_AUTORELEASING = YES;
				CLANG_WARN_BOOL_CONVERSION = YES;
				CLANG_WARN_COMMA = YES;
				CLANG_WARN_CONSTANT_CONVERSION = YES;
				CLANG_WARN_DEPRECATED_OBJC_IMPLEMENTATIONS = YES;
				CLANG_WARN_DIRECT_OBJC_ISA_USAGE = YES_ERROR;
				CLANG_WARN_DOCUMENTATION_COMMENTS = YES;
				CLANG_WARN_EMPTY_BODY = YES;
				CLANG_WARN_ENUM_CONVERSION = YES;
				CLANG_WARN_INFINITE_RECURSION = YES;
				CLANG_WARN_INT_CONVERSION = YES;
				CLANG_WARN_NON_LITERAL_NULL_CONVERSION = YES;
				CLANG_WARN_OBJC_IMPLICIT_RETAIN_SELF = YES;
				CLANG_WARN_OBJC_LITERAL_CONVERSION = YES;
				CLANG_WARN_OBJC_ROOT_CLASS = YES_ERROR;
				CLANG_WARN_QUOTED_INCLUDE_IN_FRAMEWORK_HEADER = YES;
				CLANG_WARN_RANGE_LOOP_ANALYSIS = YES;
				CLANG_WARN_STRICT_PROTOTYPES = YES;
				CLANG_WARN_SUSPICIOUS_MOVE = YES;
				CLANG_WARN_UNGUARDED_AVAILABILITY = YES_AGGRESSIVE;
				CLANG_WARN_UNREACHABLE_CODE = YES;
				CLANG_WARN__DUPLICATE_METHOD_MATCH = YES;
				COPY_PHASE_STRIP = NO;
				DEBUG_INFORMATION_FORMAT = "dwarf-with-dsym";
				ENABLE_NS_ASSERTIONS = NO;
				ENABLE_STRICT_OBJC_MSGSEND = YES;
				GCC_C_LANGUAGE_STANDARD = gnu11;
				GCC_NO_COMMON_BLOCKS = YES;
				GCC_WARN_64_TO_32_BIT_CONVERSION = YES;
				GCC_WARN_ABOUT_RETURN_TYPE = YES_ERROR;
				GCC_WARN_UNDECLARED_SELECTOR = YES;
				GCC_WARN_UNINITIALIZED_AUTOS = YES_AGGRESSIVE;
				GCC_WARN_UNUSED_FUNCTION = YES;
				GCC_WARN_UNUSED_VARIABLE = YES;
				MTL_ENABLE_DEBUG_INFO = NO;
				MTL_FAST_MATH = YES;
				SDKROOT = iphoneos;
				SWIFT_COMPILATION_MODE = wholemodule;
				SWIFT_OPTIMIZATION_LEVEL = "-O";
				VALIDATE_PRODUCT = YES;
			};
			name = Release;
		};
		CB420C0826E3F184004EB342 /* Debug */ = {
			isa = XCBuildConfiguration;
			buildSettings = {
				ASSETCATALOG_COMPILER_COMPLICATION_NAME = Complication;
				CODE_SIGN_STYLE = Automatic;
				CURRENT_PROJECT_VERSION = 1;
				DEVELOPMENT_ASSET_PATHS = "\"LiveStop WatchKit Extension/Preview Content\"";
				DEVELOPMENT_TEAM = M44X9SK4NM;
				ENABLE_PREVIEWS = YES;
				GENERATE_INFOPLIST_FILE = YES;
				INFOPLIST_FILE = "LiveStop WatchKit Extension/Info.plist";
				INFOPLIST_KEY_CFBundleDisplayName = "LiveStop WatchKit Extension";
				INFOPLIST_KEY_CLKComplicationPrincipalClass = "$(PRODUCT_MODULE_NAME).ComplicationController";
				INFOPLIST_KEY_NSHumanReadableCopyright = "";
				INFOPLIST_KEY_WKWatchOnly = YES;
				LD_RUNPATH_SEARCH_PATHS = (
					"$(inherited)",
					"@executable_path/Frameworks",
					"@executable_path/../../Frameworks",
				);
				MARKETING_VERSION = 1.0;
				PRODUCT_BUNDLE_IDENTIFIER = com.adriencanterot.LiveStop.watchkitapp.watchkitextension;
				PRODUCT_NAME = "${TARGET_NAME}";
				SDKROOT = watchos;
				SKIP_INSTALL = YES;
				SWIFT_EMIT_LOC_STRINGS = YES;
				SWIFT_VERSION = 5.0;
				TARGETED_DEVICE_FAMILY = 4;
				WATCHOS_DEPLOYMENT_TARGET = 8.0;
			};
			name = Debug;
		};
		CB420C0926E3F184004EB342 /* Release */ = {
			isa = XCBuildConfiguration;
			buildSettings = {
				ASSETCATALOG_COMPILER_COMPLICATION_NAME = Complication;
				CODE_SIGN_STYLE = Automatic;
				CURRENT_PROJECT_VERSION = 1;
				DEVELOPMENT_ASSET_PATHS = "\"LiveStop WatchKit Extension/Preview Content\"";
				DEVELOPMENT_TEAM = M44X9SK4NM;
				ENABLE_PREVIEWS = YES;
				GENERATE_INFOPLIST_FILE = YES;
				INFOPLIST_FILE = "LiveStop WatchKit Extension/Info.plist";
				INFOPLIST_KEY_CFBundleDisplayName = "LiveStop WatchKit Extension";
				INFOPLIST_KEY_CLKComplicationPrincipalClass = "$(PRODUCT_MODULE_NAME).ComplicationController";
				INFOPLIST_KEY_NSHumanReadableCopyright = "";
				INFOPLIST_KEY_WKWatchOnly = YES;
				LD_RUNPATH_SEARCH_PATHS = (
					"$(inherited)",
					"@executable_path/Frameworks",
					"@executable_path/../../Frameworks",
				);
				MARKETING_VERSION = 1.0;
				PRODUCT_BUNDLE_IDENTIFIER = com.adriencanterot.LiveStop.watchkitapp.watchkitextension;
				PRODUCT_NAME = "${TARGET_NAME}";
				SDKROOT = watchos;
				SKIP_INSTALL = YES;
				SWIFT_EMIT_LOC_STRINGS = YES;
				SWIFT_VERSION = 5.0;
				TARGETED_DEVICE_FAMILY = 4;
				WATCHOS_DEPLOYMENT_TARGET = 8.0;
			};
			name = Release;
		};
		CB420C0C26E3F184004EB342 /* Debug */ = {
			isa = XCBuildConfiguration;
			buildSettings = {
				ALWAYS_EMBED_SWIFT_STANDARD_LIBRARIES = YES;
				ASSETCATALOG_COMPILER_APPICON_NAME = AppIcon;
				ASSETCATALOG_COMPILER_GLOBAL_ACCENT_COLOR_NAME = AccentColor;
				ASSETCATALOG_COMPILER_INCLUDE_ALL_APPICON_ASSETS = YES;
				CODE_SIGN_STYLE = Automatic;
				CURRENT_PROJECT_VERSION = 1;
				DEVELOPMENT_TEAM = M44X9SK4NM;
				GENERATE_INFOPLIST_FILE = YES;
				IBSC_MODULE = LiveStop_WatchKit_Extension;
				INFOPLIST_KEY_CFBundleDisplayName = "LiveStop WatchKit App";
				INFOPLIST_KEY_UISupportedInterfaceOrientations = "UIInterfaceOrientationPortrait UIInterfaceOrientationPortraitUpsideDown";
				MARKETING_VERSION = 1.0;
				PRODUCT_BUNDLE_IDENTIFIER = com.adriencanterot.LiveStop.watchkitapp;
				PRODUCT_NAME = "$(TARGET_NAME)";
				SDKROOT = watchos;
				SKIP_INSTALL = YES;
				SWIFT_EMIT_LOC_STRINGS = YES;
				SWIFT_VERSION = 5.0;
				TARGETED_DEVICE_FAMILY = 4;
				WATCHOS_DEPLOYMENT_TARGET = 8.0;
			};
			name = Debug;
		};
		CB420C0D26E3F184004EB342 /* Release */ = {
			isa = XCBuildConfiguration;
			buildSettings = {
				ALWAYS_EMBED_SWIFT_STANDARD_LIBRARIES = YES;
				ASSETCATALOG_COMPILER_APPICON_NAME = AppIcon;
				ASSETCATALOG_COMPILER_GLOBAL_ACCENT_COLOR_NAME = AccentColor;
				ASSETCATALOG_COMPILER_INCLUDE_ALL_APPICON_ASSETS = YES;
				CODE_SIGN_STYLE = Automatic;
				CURRENT_PROJECT_VERSION = 1;
				DEVELOPMENT_TEAM = M44X9SK4NM;
				GENERATE_INFOPLIST_FILE = YES;
				IBSC_MODULE = LiveStop_WatchKit_Extension;
				INFOPLIST_KEY_CFBundleDisplayName = "LiveStop WatchKit App";
				INFOPLIST_KEY_UISupportedInterfaceOrientations = "UIInterfaceOrientationPortrait UIInterfaceOrientationPortraitUpsideDown";
				MARKETING_VERSION = 1.0;
				PRODUCT_BUNDLE_IDENTIFIER = com.adriencanterot.LiveStop.watchkitapp;
				PRODUCT_NAME = "$(TARGET_NAME)";
				SDKROOT = watchos;
				SKIP_INSTALL = YES;
				SWIFT_EMIT_LOC_STRINGS = YES;
				SWIFT_VERSION = 5.0;
				TARGETED_DEVICE_FAMILY = 4;
				WATCHOS_DEPLOYMENT_TARGET = 8.0;
			};
			name = Release;
		};
		CB420C1026E3F184004EB342 /* Debug */ = {
			isa = XCBuildConfiguration;
			buildSettings = {
				CODE_SIGN_STYLE = Automatic;
				CURRENT_PROJECT_VERSION = 1;
				DEVELOPMENT_TEAM = M44X9SK4NM;
				MARKETING_VERSION = 1.0;
				PRODUCT_BUNDLE_IDENTIFIER = com.adriencanterot.LiveStop;
				PRODUCT_NAME = "$(TARGET_NAME)";
				SWIFT_VERSION = 5.0;
			};
			name = Debug;
		};
		CB420C1126E3F184004EB342 /* Release */ = {
			isa = XCBuildConfiguration;
			buildSettings = {
				CODE_SIGN_STYLE = Automatic;
				CURRENT_PROJECT_VERSION = 1;
				DEVELOPMENT_TEAM = M44X9SK4NM;
				MARKETING_VERSION = 1.0;
				PRODUCT_BUNDLE_IDENTIFIER = com.adriencanterot.LiveStop;
				PRODUCT_NAME = "$(TARGET_NAME)";
				SWIFT_VERSION = 5.0;
			};
			name = Release;
		};
		CB420C1326E3F184004EB342 /* Debug */ = {
			isa = XCBuildConfiguration;
			buildSettings = {
				ALWAYS_EMBED_SWIFT_STANDARD_LIBRARIES = YES;
				BUNDLE_LOADER = "$(TEST_HOST)";
				CODE_SIGN_STYLE = Automatic;
				CURRENT_PROJECT_VERSION = 1;
				DEVELOPMENT_TEAM = M44X9SK4NM;
				GENERATE_INFOPLIST_FILE = YES;
				LD_RUNPATH_SEARCH_PATHS = (
					"$(inherited)",
					"@executable_path/Frameworks",
					"@loader_path/Frameworks",
				);
				MARKETING_VERSION = 1.0;
				PRODUCT_BUNDLE_IDENTIFIER = com.adriencanterot.LiveStopTests;
				PRODUCT_NAME = "$(TARGET_NAME)";
				SDKROOT = watchos;
				SWIFT_EMIT_LOC_STRINGS = NO;
				SWIFT_VERSION = 5.0;
				TARGETED_DEVICE_FAMILY = 4;
				TEST_HOST = "$(BUILT_PRODUCTS_DIR)/LiveStop WatchKit Extension.appex/LiveStop WatchKit Extension";
				WATCHOS_DEPLOYMENT_TARGET = 8.0;
			};
			name = Debug;
		};
		CB420C1426E3F184004EB342 /* Release */ = {
			isa = XCBuildConfiguration;
			buildSettings = {
				ALWAYS_EMBED_SWIFT_STANDARD_LIBRARIES = YES;
				BUNDLE_LOADER = "$(TEST_HOST)";
				CODE_SIGN_STYLE = Automatic;
				CURRENT_PROJECT_VERSION = 1;
				DEVELOPMENT_TEAM = M44X9SK4NM;
				GENERATE_INFOPLIST_FILE = YES;
				LD_RUNPATH_SEARCH_PATHS = (
					"$(inherited)",
					"@executable_path/Frameworks",
					"@loader_path/Frameworks",
				);
				MARKETING_VERSION = 1.0;
				PRODUCT_BUNDLE_IDENTIFIER = com.adriencanterot.LiveStopTests;
				PRODUCT_NAME = "$(TARGET_NAME)";
				SDKROOT = watchos;
				SWIFT_EMIT_LOC_STRINGS = NO;
				SWIFT_VERSION = 5.0;
				TARGETED_DEVICE_FAMILY = 4;
				TEST_HOST = "$(BUILT_PRODUCTS_DIR)/LiveStop WatchKit Extension.appex/LiveStop WatchKit Extension";
				WATCHOS_DEPLOYMENT_TARGET = 8.0;
			};
			name = Release;
		};
		CB420C1626E3F184004EB342 /* Debug */ = {
			isa = XCBuildConfiguration;
			buildSettings = {
				CODE_SIGN_STYLE = Automatic;
				CURRENT_PROJECT_VERSION = 1;
				DEVELOPMENT_TEAM = M44X9SK4NM;
				GENERATE_INFOPLIST_FILE = YES;
				LD_RUNPATH_SEARCH_PATHS = (
					"$(inherited)",
					"@executable_path/Frameworks",
					"@loader_path/Frameworks",
				);
				MARKETING_VERSION = 1.0;
				PRODUCT_BUNDLE_IDENTIFIER = com.adriencanterot.LiveStopUITests;
				PRODUCT_NAME = "$(TARGET_NAME)";
				SDKROOT = watchos;
				SWIFT_EMIT_LOC_STRINGS = NO;
				SWIFT_VERSION = 5.0;
				TARGETED_DEVICE_FAMILY = 4;
				TEST_TARGET_NAME = "LiveStop WatchKit App";
				WATCHOS_DEPLOYMENT_TARGET = 8.0;
			};
			name = Debug;
		};
		CB420C1726E3F184004EB342 /* Release */ = {
			isa = XCBuildConfiguration;
			buildSettings = {
				CODE_SIGN_STYLE = Automatic;
				CURRENT_PROJECT_VERSION = 1;
				DEVELOPMENT_TEAM = M44X9SK4NM;
				GENERATE_INFOPLIST_FILE = YES;
				LD_RUNPATH_SEARCH_PATHS = (
					"$(inherited)",
					"@executable_path/Frameworks",
					"@loader_path/Frameworks",
				);
				MARKETING_VERSION = 1.0;
				PRODUCT_BUNDLE_IDENTIFIER = com.adriencanterot.LiveStopUITests;
				PRODUCT_NAME = "$(TARGET_NAME)";
				SDKROOT = watchos;
				SWIFT_EMIT_LOC_STRINGS = NO;
				SWIFT_VERSION = 5.0;
				TARGETED_DEVICE_FAMILY = 4;
				TEST_TARGET_NAME = "LiveStop WatchKit App";
				WATCHOS_DEPLOYMENT_TARGET = 8.0;
			};
			name = Release;
		};
/* End XCBuildConfiguration section */

/* Begin XCConfigurationList section */
		CB420BC726E3F17F004EB342 /* Build configuration list for PBXProject "LiveStop" */ = {
			isa = XCConfigurationList;
			buildConfigurations = (
				CB420C0526E3F184004EB342 /* Debug */,
				CB420C0626E3F184004EB342 /* Release */,
			);
			defaultConfigurationIsVisible = 0;
			defaultConfigurationName = Release;
		};
		CB420C0726E3F184004EB342 /* Build configuration list for PBXNativeTarget "LiveStop WatchKit Extension" */ = {
			isa = XCConfigurationList;
			buildConfigurations = (
				CB420C0826E3F184004EB342 /* Debug */,
				CB420C0926E3F184004EB342 /* Release */,
			);
			defaultConfigurationIsVisible = 0;
			defaultConfigurationName = Release;
		};
		CB420C0B26E3F184004EB342 /* Build configuration list for PBXNativeTarget "LiveStop WatchKit App" */ = {
			isa = XCConfigurationList;
			buildConfigurations = (
				CB420C0C26E3F184004EB342 /* Debug */,
				CB420C0D26E3F184004EB342 /* Release */,
			);
			defaultConfigurationIsVisible = 0;
			defaultConfigurationName = Release;
		};
		CB420C0F26E3F184004EB342 /* Build configuration list for PBXNativeTarget "LiveStop" */ = {
			isa = XCConfigurationList;
			buildConfigurations = (
				CB420C1026E3F184004EB342 /* Debug */,
				CB420C1126E3F184004EB342 /* Release */,
			);
			defaultConfigurationIsVisible = 0;
			defaultConfigurationName = Release;
		};
		CB420C1226E3F184004EB342 /* Build configuration list for PBXNativeTarget "LiveStopTests" */ = {
			isa = XCConfigurationList;
			buildConfigurations = (
				CB420C1326E3F184004EB342 /* Debug */,
				CB420C1426E3F184004EB342 /* Release */,
			);
			defaultConfigurationIsVisible = 0;
			defaultConfigurationName = Release;
		};
		CB420C1526E3F184004EB342 /* Build configuration list for PBXNativeTarget "LiveStopUITests" */ = {
			isa = XCConfigurationList;
			buildConfigurations = (
				CB420C1626E3F184004EB342 /* Debug */,
				CB420C1726E3F184004EB342 /* Release */,
			);
			defaultConfigurationIsVisible = 0;
			defaultConfigurationName = Release;
		};
/* End XCConfigurationList section */

/* Begin XCRemoteSwiftPackageReference section */
		CB64E4DA271B1123003BCDBE /* XCRemoteSwiftPackageReference "SQLite.swift" */ = {
			isa = XCRemoteSwiftPackageReference;
			repositoryURL = "https://github.com/stephencelis/SQLite.swift.git";
			requirement = {
				kind = upToNextMajorVersion;
				minimumVersion = 0.9.2;
			};
		};
		CBF874812700DFF000E389FF /* XCRemoteSwiftPackageReference "SwiftfulLoadingIndicators" */ = {
			isa = XCRemoteSwiftPackageReference;
			repositoryURL = "https://github.com/SwiftfulThinking/SwiftfulLoadingIndicators.git";
			requirement = {
				kind = upToNextMajorVersion;
				minimumVersion = 0.0.4;
			};
		};
/* End XCRemoteSwiftPackageReference section */

/* Begin XCSwiftPackageProductDependency section */
		CB64E4DB271B1123003BCDBE /* SQLite */ = {
			isa = XCSwiftPackageProductDependency;
			package = CB64E4DA271B1123003BCDBE /* XCRemoteSwiftPackageReference "SQLite.swift" */;
			productName = SQLite;
		};
		CB87C535271B59EC00E879BF /* SQLite */ = {
			isa = XCSwiftPackageProductDependency;
			package = CB64E4DA271B1123003BCDBE /* XCRemoteSwiftPackageReference "SQLite.swift" */;
			productName = SQLite;
		};
		CBF874822700DFF000E389FF /* SwiftfulLoadingIndicators */ = {
			isa = XCSwiftPackageProductDependency;
			package = CBF874812700DFF000E389FF /* XCRemoteSwiftPackageReference "SwiftfulLoadingIndicators" */;
			productName = SwiftfulLoadingIndicators;
		};
/* End XCSwiftPackageProductDependency section */
	};
	rootObject = CB420BC426E3F17F004EB342 /* Project object */;
}
